
Microsoft Visual Studio Solution File, Format Version 12.00
# Visual Studio Version 17
VisualStudioVersion = 17.10.35122.118
MinimumVisualStudioVersion = 10.0.40219.1
Project("{FAE04EC0-301F-11D3-BF4B-00C04F79EFBC}") = "TalkieServer", "TalkieServer\TalkieServer.csproj", "{F0AFA758-CB26-4E02-80DE-3CF3DCB2FC4C}"
EndProject
Global
	GlobalSection(SolutionConfigurationPlatforms) = preSolution
		Debug|Any CPU = Debug|Any CPU
		Release|Any CPU = Release|Any CPU
	EndGlobalSection
	GlobalSection(ProjectConfigurationPlatforms) = postSolution
		{F0AFA758-CB26-4E02-80DE-3CF3DCB2FC4C}.Debug|Any CPU.ActiveCfg = Debug|Any CPU
		{F0AFA758-CB26-4E02-80DE-3CF3DCB2FC4C}.Debug|Any CPU.Build.0 = Debug|Any CPU
		{F0AFA758-CB26-4E02-80DE-3CF3DCB2FC4C}.Release|Any CPU.ActiveCfg = Release|Any CPU
		{F0AFA758-CB26-4E02-80DE-3CF3DCB2FC4C}.Release|Any CPU.Build.0 = Release|Any CPU
	EndGlobalSection
	GlobalSection(SolutionProperties) = preSolution
		HideSolutionNode = FALSE
	EndGlobalSection
	GlobalSection(ExtensibilityGlobals) = postSolution
		SolutionGuid = {EC18768C-C08E-4D8A-BB5B-57AA84179D16}
	EndGlobalSection
EndGlobal
